
Microsoft Visual Studio Solution File, Format Version 12.00
# Visual Studio Version 17
VisualStudioVersion = 17.5.002.0
MinimumVisualStudioVersion = 10.0.40219.1
Project("{9A19103F-16F7-4668-BE54-9A1E7A4F7556}") = "MvcMovie", "MvcMovie.csproj", "{BDF1845E-3161-4FFE-A4B2-1D93C28CDA36}"
EndProject
Global
	GlobalSection(SolutionConfigurationPlatforms) = preSolution
		Debug|Any CPU = Debug|Any CPU
		Release|Any CPU = Release|Any CPU
	EndGlobalSection
	GlobalSection(ProjectConfigurationPlatforms) = postSolution
		{BDF1845E-3161-4FFE-A4B2-1D93C28CDA36}.Debug|Any CPU.ActiveCfg = Debug|Any CPU
		{BDF1845E-3161-4FFE-A4B2-1D93C28CDA36}.Debug|Any CPU.Build.0 = Debug|Any CPU
		{BDF1845E-3161-4FFE-A4B2-1D93C28CDA36}.Release|Any CPU.ActiveCfg = Release|Any CPU
		{BDF1845E-3161-4FFE-A4B2-1D93C28CDA36}.Release|Any CPU.Build.0 = Release|Any CPU
	EndGlobalSection
	GlobalSection(SolutionProperties) = preSolution
		HideSolutionNode = FALSE
	EndGlobalSection
	GlobalSection(ExtensibilityGlobals) = postSolution
		SolutionGuid = {DE00BDCF-0E5E-44A3-B3EE-FC271E20A1FC}
	EndGlobalSection
EndGlobal
